
Microsoft Visual Studio Solution File, Format Version 12.00
# Visual Studio Version 17
VisualStudioVersion = 17.11.35303.130
MinimumVisualStudioVersion = 10.0.40219.1
Project("{2150E333-8FDC-42A3-9474-1A3956D46DE8}") = "Task0", "Task0", "{39CC62E1-3A6A-49DD-8F35-F45A4B4DD548}"
EndProject
Project("{9A19103F-16F7-4668-BE54-9A1E7A4F7556}") = "Tyuiu.MohnonogovaPV.Sprint0.Task0.V0", "Tyuiu.MohnonogovaPV.Sprint0.Task0.V0\Tyuiu.MohnonogovaPV.Sprint0.Task0.V0.csproj", "{91F600D8-E22A-49B9-9315-FD1DCC8BBF35}"
EndProject
Project("{2150E333-8FDC-42A3-9474-1A3956D46DE8}") = "Task1", "Task1", "{2B035D88-EB07-4F5D-9DCB-37AE534967CD}"
EndProject
Project("{9A19103F-16F7-4668-BE54-9A1E7A4F7556}") = "Tyuiu.MohnonogovaPV.Sprint0.Task1.V0", "Tyuiu.MohnonogovaPV.Sprint0.Task1.V0\Tyuiu.MohnonogovaPV.Sprint0.Task1.V0.csproj", "{53A422D4-76C5-4F2F-A93F-0DD650681115}"
EndProject
Project("{2150E333-8FDC-42A3-9474-1A3956D46DE8}") = "Task2", "Task2", "{20109D14-E273-42D1-9BEC-40D0AE13B330}"
EndProject
Project("{FAE04EC0-301F-11D3-BF4B-00C04F79EFBC}") = "Tyuiu.MohnonogovaPV.Sprint0.Task2.V0", "Tyuiu.MohnonogovaPV.Sprint0.Task2.V0\Tyuiu.MohnonogovaPV.Sprint0.Task2.V0.csproj", "{DA4871A1-9F6A-4788-8F2A-7C1CBD00354B}"
EndProject
Project("{FAE04EC0-301F-11D3-BF4B-00C04F79EFBC}") = "Tyuiu.MohnonogovaPV.Sprint0.Task2.V0.Lib", "Tyuiu.MohnonogovaPV.Sprint0.Task2.V0.Lib\Tyuiu.MohnonogovaPV.Sprint0.Task2.V0.Lib.csproj", "{BEE9407E-EE8A-4B09-9526-B0CCBFD54A14}"
EndProject
Project("{FAE04EC0-301F-11D3-BF4B-00C04F79EFBC}") = "Tyuiu.MohnonogovaPV.Sprint0.Task2.V0.Test", "Tyuiu.MohnonogovaPV.Sprint0.Task2.V0.Test\Tyuiu.MohnonogovaPV.Sprint0.Task2.V0.Test.csproj", "{E6797188-C3C5-4576-B5DA-596CACE3F30A}"
EndProject
Project("{2150E333-8FDC-42A3-9474-1A3956D46DE8}") = "Task3", "Task3", "{3C85A644-A177-4B0B-B301-3E6393117D6D}"
EndProject
Project("{FAE04EC0-301F-11D3-BF4B-00C04F79EFBC}") = "Tyuiu.MohnonogovaPV.Sprint0.Task3.V0", "Tyuiu.MohnonogovaPV.Sprint0.Task3.V0\Tyuiu.MohnonogovaPV.Sprint0.Task3.V0.csproj", "{B310F6BC-6EA5-448A-AB8D-D0084C471F0D}"
EndProject
Project("{FAE04EC0-301F-11D3-BF4B-00C04F79EFBC}") = "Tuyiu.MohnonogovaPV.Sprint0.Task3.V0.Lib", "Tuyiu.MohnonogovaPV.Sprint0.Task3.V0.Lib\Tuyiu.MohnonogovaPV.Sprint0.Task3.V0.Lib.csproj", "{96FEF2F3-00A5-458D-9B13-524031466ADE}"
EndProject
Project("{FAE04EC0-301F-11D3-BF4B-00C04F79EFBC}") = "Tyuiu.MohnonogovaPV.Sprint0.Task3.V0.Test", "Tyuiu.MohnonogovaPV.Sprint0.Task3.V0.Test\Tyuiu.MohnonogovaPV.Sprint0.Task3.V0.Test.csproj", "{41958502-8CA9-47AA-809A-6228B5267D92}"
EndProject
Project("{2150E333-8FDC-42A3-9474-1A3956D46DE8}") = "Task4", "Task4", "{16259BFC-6E55-4E33-8D2F-9762C1793CEE}"
EndProject
Project("{FAE04EC0-301F-11D3-BF4B-00C04F79EFBC}") = "Tuyiu.MohnonogovaPV.Sprint0.Task4.V0.", "Tuyiu.MohnonogovaPV.Sprint0.Task4.V0\Tuyiu.MohnonogovaPV.Sprint0.Task4.V0..csproj", "{5592AC1F-2153-4A21-9952-23F466BE88F8}"
EndProject
Project("{FAE04EC0-301F-11D3-BF4B-00C04F79EFBC}") = "Tuyiu.MohnonogovaPV.Sprint0.Task4.V0.Lib", "Tuyiu.MohnonogovaPV.Sprint0.Task4.V0.Lib\Tuyiu.MohnonogovaPV.Sprint0.Task4.V0.Lib.csproj", "{1BF4C5CF-83FE-4D71-A5D1-9869FA56CF03}"
EndProject
Project("{FAE04EC0-301F-11D3-BF4B-00C04F79EFBC}") = "Tuyiu.MohnonogovaPV.Sprint0.Task4.V0.Test", "Tuyiu.MohnonogovaPV.Sprint0.Task4.V0.Test\Tuyiu.MohnonogovaPV.Sprint0.Task4.V0.Test.csproj", "{1C71A58A-B7A2-46EA-8D93-703FCB2DDEB7}"
EndProject
Project("{2150E333-8FDC-42A3-9474-1A3956D46DE8}") = "Task5", "Task5", "{F62DD9F0-086B-4769-8461-5F5330B4A990}"
EndProject
Project("{FAE04EC0-301F-11D3-BF4B-00C04F79EFBC}") = "Tuyiu.MohnonogovaPV.Sprint0.Task5.V0.", "Tuyiu.MohnonogovaPV.Sprint0.Task5.V0\Tuyiu.MohnonogovaPV.Sprint0.Task5.V0..csproj", "{665CCDF4-4BA8-4B71-8F3F-9C531C03BD36}"
EndProject
Project("{FAE04EC0-301F-11D3-BF4B-00C04F79EFBC}") = "Tuyiu.MohnonogovaPV.Sprint0.Task5.V0.Lib", "Tuyiu.MohnonogovaPV.Sprint0.Task5.V0.Lib\Tuyiu.MohnonogovaPV.Sprint0.Task5.V0.Lib.csproj", "{21CA663E-D384-4738-B460-B21F1C836EB2}"
EndProject
Project("{FAE04EC0-301F-11D3-BF4B-00C04F79EFBC}") = "Tuyiu.MohnonogovaPV.Sprint0.Task5.V0.Test", "Tuyiu.MohnonogovaPV.Sprint0.Task5.V0.Test\Tuyiu.MohnonogovaPV.Sprint0.Task5.V0.Test.csproj", "{5DAE95D0-8102-40B3-9623-0F7CF9CA411D}"
EndProject
Project("{2150E333-8FDC-42A3-9474-1A3956D46DE8}") = "Task6", "Task6", "{8C737B99-9BDF-4BEC-9C0E-48F7C652CFC7}"
EndProject
Project("{FAE04EC0-301F-11D3-BF4B-00C04F79EFBC}") = "Tyuiu.MohnonogovaPV.Sprint0.Task6.V0", "Tyuiu.MohnonogovaPV.Sprint0.Task6.V0\Tyuiu.MohnonogovaPV.Sprint0.Task6.V0.csproj", "{609D357E-89FD-4799-A5A8-F40406694F97}"
EndProject
Project("{FAE04EC0-301F-11D3-BF4B-00C04F79EFBC}") = "Tyuiu.MohnonogovaPV.Sprint0.Task6.V0.Lib", "Tyuiu.MohnonogovaPV.Sprint0.Task6.V0.Lib\Tyuiu.MohnonogovaPV.Sprint0.Task6.V0.Lib.csproj", "{F37EDA13-817A-4ADC-8056-627B671B75ED}"
EndProject
Project("{FAE04EC0-301F-11D3-BF4B-00C04F79EFBC}") = "Tyuiu.MohnonogovaPV.Sprint0.Task6.V0.Test", "Tyuiu.MohnonogovaPV.Sprint0.Task6.V0.Test\Tyuiu.MohnonogovaPV.Sprint0.Task6.V0.Test.csproj", "{7057E818-1F75-45E5-84FA-BFA6F12591E2}"
EndProject
Global
	GlobalSection(SolutionConfigurationPlatforms) = preSolution
		Debug|Any CPU = Debug|Any CPU
		Release|Any CPU = Release|Any CPU
	EndGlobalSection
	GlobalSection(ProjectConfigurationPlatforms) = postSolution
		{91F600D8-E22A-49B9-9315-FD1DCC8BBF35}.Debug|Any CPU.ActiveCfg = Debug|Any CPU
		{91F600D8-E22A-49B9-9315-FD1DCC8BBF35}.Debug|Any CPU.Build.0 = Debug|Any CPU
		{91F600D8-E22A-49B9-9315-FD1DCC8BBF35}.Release|Any CPU.ActiveCfg = Release|Any CPU
		{91F600D8-E22A-49B9-9315-FD1DCC8BBF35}.Release|Any CPU.Build.0 = Release|Any CPU
		{53A422D4-76C5-4F2F-A93F-0DD650681115}.Debug|Any CPU.ActiveCfg = Debug|Any CPU
		{53A422D4-76C5-4F2F-A93F-0DD650681115}.Debug|Any CPU.Build.0 = Debug|Any CPU
		{53A422D4-76C5-4F2F-A93F-0DD650681115}.Release|Any CPU.ActiveCfg = Release|Any CPU
		{53A422D4-76C5-4F2F-A93F-0DD650681115}.Release|Any CPU.Build.0 = Release|Any CPU
		{DA4871A1-9F6A-4788-8F2A-7C1CBD00354B}.Debug|Any CPU.ActiveCfg = Debug|Any CPU
		{DA4871A1-9F6A-4788-8F2A-7C1CBD00354B}.Debug|Any CPU.Build.0 = Debug|Any CPU
		{DA4871A1-9F6A-4788-8F2A-7C1CBD00354B}.Release|Any CPU.ActiveCfg = Release|Any CPU
		{DA4871A1-9F6A-4788-8F2A-7C1CBD00354B}.Release|Any CPU.Build.0 = Release|Any CPU
		{BEE9407E-EE8A-4B09-9526-B0CCBFD54A14}.Debug|Any CPU.ActiveCfg = Debug|Any CPU
		{BEE9407E-EE8A-4B09-9526-B0CCBFD54A14}.Debug|Any CPU.Build.0 = Debug|Any CPU
		{BEE9407E-EE8A-4B09-9526-B0CCBFD54A14}.Release|Any CPU.ActiveCfg = Release|Any CPU
		{BEE9407E-EE8A-4B09-9526-B0CCBFD54A14}.Release|Any CPU.Build.0 = Release|Any CPU
		{E6797188-C3C5-4576-B5DA-596CACE3F30A}.Debug|Any CPU.ActiveCfg = Debug|Any CPU
		{E6797188-C3C5-4576-B5DA-596CACE3F30A}.Debug|Any CPU.Build.0 = Debug|Any CPU
		{E6797188-C3C5-4576-B5DA-596CACE3F30A}.Release|Any CPU.ActiveCfg = Release|Any CPU
		{E6797188-C3C5-4576-B5DA-596CACE3F30A}.Release|Any CPU.Build.0 = Release|Any CPU
		{B310F6BC-6EA5-448A-AB8D-D0084C471F0D}.Debug|Any CPU.ActiveCfg = Debug|Any CPU
		{B310F6BC-6EA5-448A-AB8D-D0084C471F0D}.Debug|Any CPU.Build.0 = Debug|Any CPU
		{B310F6BC-6EA5-448A-AB8D-D0084C471F0D}.Release|Any CPU.ActiveCfg = Release|Any CPU
		{B310F6BC-6EA5-448A-AB8D-D0084C471F0D}.Release|Any CPU.Build.0 = Release|Any CPU
		{96FEF2F3-00A5-458D-9B13-524031466ADE}.Debug|Any CPU.ActiveCfg = Debug|Any CPU
		{96FEF2F3-00A5-458D-9B13-524031466ADE}.Debug|Any CPU.Build.0 = Debug|Any CPU
		{96FEF2F3-00A5-458D-9B13-524031466ADE}.Release|Any CPU.ActiveCfg = Release|Any CPU
		{96FEF2F3-00A5-458D-9B13-524031466ADE}.Release|Any CPU.Build.0 = Release|Any CPU
		{41958502-8CA9-47AA-809A-6228B5267D92}.Debug|Any CPU.ActiveCfg = Debug|Any CPU
		{41958502-8CA9-47AA-809A-6228B5267D92}.Debug|Any CPU.Build.0 = Debug|Any CPU
		{41958502-8CA9-47AA-809A-6228B5267D92}.Release|Any CPU.ActiveCfg = Release|Any CPU
		{41958502-8CA9-47AA-809A-6228B5267D92}.Release|Any CPU.Build.0 = Release|Any CPU
		{5592AC1F-2153-4A21-9952-23F466BE88F8}.Debug|Any CPU.ActiveCfg = Debug|Any CPU
		{5592AC1F-2153-4A21-9952-23F466BE88F8}.Debug|Any CPU.Build.0 = Debug|Any CPU
		{5592AC1F-2153-4A21-9952-23F466BE88F8}.Release|Any CPU.ActiveCfg = Release|Any CPU
		{5592AC1F-2153-4A21-9952-23F466BE88F8}.Release|Any CPU.Build.0 = Release|Any CPU
		{1BF4C5CF-83FE-4D71-A5D1-9869FA56CF03}.Debug|Any CPU.ActiveCfg = Debug|Any CPU
		{1BF4C5CF-83FE-4D71-A5D1-9869FA56CF03}.Debug|Any CPU.Build.0 = Debug|Any CPU
		{1BF4C5CF-83FE-4D71-A5D1-9869FA56CF03}.Release|Any CPU.ActiveCfg = Release|Any CPU
		{1BF4C5CF-83FE-4D71-A5D1-9869FA56CF03}.Release|Any CPU.Build.0 = Release|Any CPU
		{1C71A58A-B7A2-46EA-8D93-703FCB2DDEB7}.Debug|Any CPU.ActiveCfg = Debug|Any CPU
		{1C71A58A-B7A2-46EA-8D93-703FCB2DDEB7}.Debug|Any CPU.Build.0 = Debug|Any CPU
		{1C71A58A-B7A2-46EA-8D93-703FCB2DDEB7}.Release|Any CPU.ActiveCfg = Release|Any CPU
		{1C71A58A-B7A2-46EA-8D93-703FCB2DDEB7}.Release|Any CPU.Build.0 = Release|Any CPU
		{665CCDF4-4BA8-4B71-8F3F-9C531C03BD36}.Debug|Any CPU.ActiveCfg = Debug|Any CPU
		{665CCDF4-4BA8-4B71-8F3F-9C531C03BD36}.Debug|Any CPU.Build.0 = Debug|Any CPU
		{665CCDF4-4BA8-4B71-8F3F-9C531C03BD36}.Release|Any CPU.ActiveCfg = Release|Any CPU
		{665CCDF4-4BA8-4B71-8F3F-9C531C03BD36}.Release|Any CPU.Build.0 = Release|Any CPU
		{21CA663E-D384-4738-B460-B21F1C836EB2}.Debug|Any CPU.ActiveCfg = Debug|Any CPU
		{21CA663E-D384-4738-B460-B21F1C836EB2}.Debug|Any CPU.Build.0 = Debug|Any CPU
		{21CA663E-D384-4738-B460-B21F1C836EB2}.Release|Any CPU.ActiveCfg = Release|Any CPU
		{21CA663E-D384-4738-B460-B21F1C836EB2}.Release|Any CPU.Build.0 = Release|Any CPU
		{5DAE95D0-8102-40B3-9623-0F7CF9CA411D}.Debug|Any CPU.ActiveCfg = Debug|Any CPU
		{5DAE95D0-8102-40B3-9623-0F7CF9CA411D}.Debug|Any CPU.Build.0 = Debug|Any CPU
		{5DAE95D0-8102-40B3-9623-0F7CF9CA411D}.Release|Any CPU.ActiveCfg = Release|Any CPU
		{5DAE95D0-8102-40B3-9623-0F7CF9CA411D}.Release|Any CPU.Build.0 = Release|Any CPU
		{609D357E-89FD-4799-A5A8-F40406694F97}.Debug|Any CPU.ActiveCfg = Debug|Any CPU
		{609D357E-89FD-4799-A5A8-F40406694F97}.Debug|Any CPU.Build.0 = Debug|Any CPU
		{609D357E-89FD-4799-A5A8-F40406694F97}.Release|Any CPU.ActiveCfg = Release|Any CPU
		{609D357E-89FD-4799-A5A8-F40406694F97}.Release|Any CPU.Build.0 = Release|Any CPU
		{F37EDA13-817A-4ADC-8056-627B671B75ED}.Debug|Any CPU.ActiveCfg = Debug|Any CPU
		{F37EDA13-817A-4ADC-8056-627B671B75ED}.Debug|Any CPU.Build.0 = Debug|Any CPU
		{F37EDA13-817A-4ADC-8056-627B671B75ED}.Release|Any CPU.ActiveCfg = Release|Any CPU
		{F37EDA13-817A-4ADC-8056-627B671B75ED}.Release|Any CPU.Build.0 = Release|Any CPU
		{7057E818-1F75-45E5-84FA-BFA6F12591E2}.Debug|Any CPU.ActiveCfg = Debug|Any CPU
		{7057E818-1F75-45E5-84FA-BFA6F12591E2}.Debug|Any CPU.Build.0 = Debug|Any CPU
		{7057E818-1F75-45E5-84FA-BFA6F12591E2}.Release|Any CPU.ActiveCfg = Release|Any CPU
		{7057E818-1F75-45E5-84FA-BFA6F12591E2}.Release|Any CPU.Build.0 = Release|Any CPU
	EndGlobalSection
	GlobalSection(SolutionProperties) = preSolution
		HideSolutionNode = FALSE
	EndGlobalSection
	GlobalSection(NestedProjects) = preSolution
		{91F600D8-E22A-49B9-9315-FD1DCC8BBF35} = {39CC62E1-3A6A-49DD-8F35-F45A4B4DD548}
		{53A422D4-76C5-4F2F-A93F-0DD650681115} = {2B035D88-EB07-4F5D-9DCB-37AE534967CD}
		{DA4871A1-9F6A-4788-8F2A-7C1CBD00354B} = {20109D14-E273-42D1-9BEC-40D0AE13B330}
		{BEE9407E-EE8A-4B09-9526-B0CCBFD54A14} = {20109D14-E273-42D1-9BEC-40D0AE13B330}
		{E6797188-C3C5-4576-B5DA-596CACE3F30A} = {20109D14-E273-42D1-9BEC-40D0AE13B330}
		{B310F6BC-6EA5-448A-AB8D-D0084C471F0D} = {3C85A644-A177-4B0B-B301-3E6393117D6D}
		{96FEF2F3-00A5-458D-9B13-524031466ADE} = {3C85A644-A177-4B0B-B301-3E6393117D6D}
		{41958502-8CA9-47AA-809A-6228B5267D92} = {3C85A644-A177-4B0B-B301-3E6393117D6D}
		{5592AC1F-2153-4A21-9952-23F466BE88F8} = {16259BFC-6E55-4E33-8D2F-9762C1793CEE}
		{1BF4C5CF-83FE-4D71-A5D1-9869FA56CF03} = {16259BFC-6E55-4E33-8D2F-9762C1793CEE}
		{1C71A58A-B7A2-46EA-8D93-703FCB2DDEB7} = {16259BFC-6E55-4E33-8D2F-9762C1793CEE}
		{665CCDF4-4BA8-4B71-8F3F-9C531C03BD36} = {F62DD9F0-086B-4769-8461-5F5330B4A990}
		{21CA663E-D384-4738-B460-B21F1C836EB2} = {F62DD9F0-086B-4769-8461-5F5330B4A990}
		{5DAE95D0-8102-40B3-9623-0F7CF9CA411D} = {F62DD9F0-086B-4769-8461-5F5330B4A990}
		{609D357E-89FD-4799-A5A8-F40406694F97} = {8C737B99-9BDF-4BEC-9C0E-48F7C652CFC7}
		{F37EDA13-817A-4ADC-8056-627B671B75ED} = {8C737B99-9BDF-4BEC-9C0E-48F7C652CFC7}
		{7057E818-1F75-45E5-84FA-BFA6F12591E2} = {8C737B99-9BDF-4BEC-9C0E-48F7C652CFC7}
	EndGlobalSection
	GlobalSection(ExtensibilityGlobals) = postSolution
		SolutionGuid = {8ADEFA66-1700-4854-B5D1-5244A8ADD1CB}
	EndGlobalSection
EndGlobal
